
Microsoft Visual Studio Solution File, Format Version 12.00
Project("{2150E333-8FDC-42A3-9474-1A3956D46DE8}") = "src", "src", "{1B2A800F-C885-4704-ACF4-9F447272F893}"
EndProject
Project("{2150E333-8FDC-42A3-9474-1A3956D46DE8}") = "tests", "tests", "{155B99E4-7366-42D2-A0AB-71319359549E}"
EndProject
Project("{FAE04EC0-301F-11D3-BF4B-00C04F79EFBC}") = "Domain", "Domain\Domain.csproj", "{B1960FAC-1653-4780-805B-D3040BBAD470}"
EndProject
Project("{FAE04EC0-301F-11D3-BF4B-00C04F79EFBC}") = "Infra", "Infra\Infra.csproj", "{2806367E-B274-40D0-8524-B527F2D6188E}"
EndProject
Project("{FAE04EC0-301F-11D3-BF4B-00C04F79EFBC}") = "App", "App\App.csproj", "{D0F2918F-C333-40F5-81D4-ADBD0011D18B}"
EndProject
Project("{FAE04EC0-301F-11D3-BF4B-00C04F79EFBC}") = "Bot", "Bot\Bot.csproj", "{59754AD5-AE28-492F-927C-4CB61E223372}"
EndProject
Project("{FAE04EC0-301F-11D3-BF4B-00C04F79EFBC}") = "BotCommands", "BotCommands\BotCommands.csproj", "{384493D4-1CE9-42FC-9A5F-53D4A0FE996B}"
EndProject
Project("{FAE04EC0-301F-11D3-BF4B-00C04F79EFBC}") = "App.UnitTests", "App.UnitTests\App.UnitTests.csproj", "{0BC101C2-2B25-48BD-ABA2-8D15539BC765}"
EndProject
Project("{FAE04EC0-301F-11D3-BF4B-00C04F79EFBC}") = "Bot.UnitTests", "Bot.UnitTests\Bot.UnitTests.csproj", "{9CF92CAF-FF87-4FC6-A077-3CF1C934E2BF}"
EndProject
Global
	GlobalSection(SolutionConfigurationPlatforms) = preSolution
		Debug|Any CPU = Debug|Any CPU
		Release|Any CPU = Release|Any CPU
	EndGlobalSection
	GlobalSection(NestedProjects) = preSolution
		{B1960FAC-1653-4780-805B-D3040BBAD470} = {1B2A800F-C885-4704-ACF4-9F447272F893}
		{2806367E-B274-40D0-8524-B527F2D6188E} = {1B2A800F-C885-4704-ACF4-9F447272F893}
		{D0F2918F-C333-40F5-81D4-ADBD0011D18B} = {1B2A800F-C885-4704-ACF4-9F447272F893}
		{59754AD5-AE28-492F-927C-4CB61E223372} = {1B2A800F-C885-4704-ACF4-9F447272F893}
		{384493D4-1CE9-42FC-9A5F-53D4A0FE996B} = {1B2A800F-C885-4704-ACF4-9F447272F893}
		{0BC101C2-2B25-48BD-ABA2-8D15539BC765} = {155B99E4-7366-42D2-A0AB-71319359549E}
		{9CF92CAF-FF87-4FC6-A077-3CF1C934E2BF} = {155B99E4-7366-42D2-A0AB-71319359549E}
	EndGlobalSection
	GlobalSection(ProjectConfigurationPlatforms) = postSolution
		{B1960FAC-1653-4780-805B-D3040BBAD470}.Debug|Any CPU.ActiveCfg = Debug|Any CPU
		{B1960FAC-1653-4780-805B-D3040BBAD470}.Debug|Any CPU.Build.0 = Debug|Any CPU
		{B1960FAC-1653-4780-805B-D3040BBAD470}.Release|Any CPU.ActiveCfg = Release|Any CPU
		{B1960FAC-1653-4780-805B-D3040BBAD470}.Release|Any CPU.Build.0 = Release|Any CPU
		{2806367E-B274-40D0-8524-B527F2D6188E}.Debug|Any CPU.ActiveCfg = Debug|Any CPU
		{2806367E-B274-40D0-8524-B527F2D6188E}.Debug|Any CPU.Build.0 = Debug|Any CPU
		{2806367E-B274-40D0-8524-B527F2D6188E}.Release|Any CPU.ActiveCfg = Release|Any CPU
		{2806367E-B274-40D0-8524-B527F2D6188E}.Release|Any CPU.Build.0 = Release|Any CPU
		{D0F2918F-C333-40F5-81D4-ADBD0011D18B}.Debug|Any CPU.ActiveCfg = Debug|Any CPU
		{D0F2918F-C333-40F5-81D4-ADBD0011D18B}.Debug|Any CPU.Build.0 = Debug|Any CPU
		{D0F2918F-C333-40F5-81D4-ADBD0011D18B}.Release|Any CPU.ActiveCfg = Release|Any CPU
		{D0F2918F-C333-40F5-81D4-ADBD0011D18B}.Release|Any CPU.Build.0 = Release|Any CPU
		{59754AD5-AE28-492F-927C-4CB61E223372}.Debug|Any CPU.ActiveCfg = Debug|Any CPU
		{59754AD5-AE28-492F-927C-4CB61E223372}.Debug|Any CPU.Build.0 = Debug|Any CPU
		{59754AD5-AE28-492F-927C-4CB61E223372}.Release|Any CPU.ActiveCfg = Release|Any CPU
		{59754AD5-AE28-492F-927C-4CB61E223372}.Release|Any CPU.Build.0 = Release|Any CPU
		{384493D4-1CE9-42FC-9A5F-53D4A0FE996B}.Debug|Any CPU.ActiveCfg = Debug|Any CPU
		{384493D4-1CE9-42FC-9A5F-53D4A0FE996B}.Debug|Any CPU.Build.0 = Debug|Any CPU
		{384493D4-1CE9-42FC-9A5F-53D4A0FE996B}.Release|Any CPU.ActiveCfg = Release|Any CPU
		{384493D4-1CE9-42FC-9A5F-53D4A0FE996B}.Release|Any CPU.Build.0 = Release|Any CPU
		{0BC101C2-2B25-48BD-ABA2-8D15539BC765}.Debug|Any CPU.ActiveCfg = Debug|Any CPU
		{0BC101C2-2B25-48BD-ABA2-8D15539BC765}.Debug|Any CPU.Build.0 = Debug|Any CPU
		{0BC101C2-2B25-48BD-ABA2-8D15539BC765}.Release|Any CPU.ActiveCfg = Release|Any CPU
		{0BC101C2-2B25-48BD-ABA2-8D15539BC765}.Release|Any CPU.Build.0 = Release|Any CPU
		{9CF92CAF-FF87-4FC6-A077-3CF1C934E2BF}.Debug|Any CPU.ActiveCfg = Debug|Any CPU
		{9CF92CAF-FF87-4FC6-A077-3CF1C934E2BF}.Debug|Any CPU.Build.0 = Debug|Any CPU
		{9CF92CAF-FF87-4FC6-A077-3CF1C934E2BF}.Release|Any CPU.ActiveCfg = Release|Any CPU
		{9CF92CAF-FF87-4FC6-A077-3CF1C934E2BF}.Release|Any CPU.Build.0 = Release|Any CPU
	EndGlobalSection
EndGlobal
